
Microsoft Visual Studio Solution File, Format Version 12.00
# Visual Studio Version 17
VisualStudioVersion = 17.8.34309.116
MinimumVisualStudioVersion = 10.0.40219.1
Project("{F184B08F-C81C-45F6-A57F-5ABD9991F28F}") = "CBM", "CBM\CBM.vbproj", "{1DFB6B6D-9294-4921-9B36-2704D546E4B4}"
EndProject
Global
	GlobalSection(SolutionConfigurationPlatforms) = preSolution
		Debug|Any CPU = Debug|Any CPU
		Release|Any CPU = Release|Any CPU
	EndGlobalSection
	GlobalSection(ProjectConfigurationPlatforms) = postSolution
		{1DFB6B6D-9294-4921-9B36-2704D546E4B4}.Debug|Any CPU.ActiveCfg = Debug|Any CPU
		{1DFB6B6D-9294-4921-9B36-2704D546E4B4}.Debug|Any CPU.Build.0 = Debug|Any CPU
		{1DFB6B6D-9294-4921-9B36-2704D546E4B4}.Release|Any CPU.ActiveCfg = Release|Any CPU
		{1DFB6B6D-9294-4921-9B36-2704D546E4B4}.Release|Any CPU.Build.0 = Release|Any CPU
	EndGlobalSection
	GlobalSection(SolutionProperties) = preSolution
		HideSolutionNode = FALSE
	EndGlobalSection
	GlobalSection(ExtensibilityGlobals) = postSolution
		SolutionGuid = {86928B82-F3D3-4A43-9BA7-2640F9D43164}
	EndGlobalSection
EndGlobal
